
Microsoft Visual Studio Solution File, Format Version 12.00
# Visual Studio Version 17
VisualStudioVersion = 17.8.34601.278
MinimumVisualStudioVersion = 10.0.40219.1
Project("{FAE04EC0-301F-11D3-BF4B-00C04F79EFBC}") = "DZ_3.03.2024_6", "DZ_3.03.2024_6\DZ_3.03.2024_6.csproj", "{CAF77CED-0A6C-4CC0-B985-32F3B8C8DB0C}"
EndProject
Global
	GlobalSection(SolutionConfigurationPlatforms) = preSolution
		Debug|Any CPU = Debug|Any CPU
		Release|Any CPU = Release|Any CPU
	EndGlobalSection
	GlobalSection(ProjectConfigurationPlatforms) = postSolution
		{CAF77CED-0A6C-4CC0-B985-32F3B8C8DB0C}.Debug|Any CPU.ActiveCfg = Debug|Any CPU
		{CAF77CED-0A6C-4CC0-B985-32F3B8C8DB0C}.Debug|Any CPU.Build.0 = Debug|Any CPU
		{CAF77CED-0A6C-4CC0-B985-32F3B8C8DB0C}.Release|Any CPU.ActiveCfg = Release|Any CPU
		{CAF77CED-0A6C-4CC0-B985-32F3B8C8DB0C}.Release|Any CPU.Build.0 = Release|Any CPU
	EndGlobalSection
	GlobalSection(SolutionProperties) = preSolution
		HideSolutionNode = FALSE
	EndGlobalSection
	GlobalSection(ExtensibilityGlobals) = postSolution
		SolutionGuid = {498D3E88-0524-4528-8AD5-565ED44AF278}
	EndGlobalSection
EndGlobal
